// !$*UTF8*$!
{
	archiveVersion = 1;
	classes = {
	};
	objectVersion = 46;
	objects = {

/* Begin PBXBuildFile section */
		00C302E51ABCBA2D00DB3ED1 /* libRCTActionSheet.a in Frameworks */ = {isa = PBXBuildFile; fileRef = 00C302AC1ABCB8CE00DB3ED1 /* libRCTActionSheet.a */; };
		00C302E71ABCBA2D00DB3ED1 /* libRCTGeolocation.a in Frameworks */ = {isa = PBXBuildFile; fileRef = 00C302BA1ABCB90400DB3ED1 /* libRCTGeolocation.a */; };
		00C302E81ABCBA2D00DB3ED1 /* libRCTImage.a in Frameworks */ = {isa = PBXBuildFile; fileRef = 00C302C01ABCB91800DB3ED1 /* libRCTImage.a */; };
		00C302E91ABCBA2D00DB3ED1 /* libRCTNetwork.a in Frameworks */ = {isa = PBXBuildFile; fileRef = 00C302DC1ABCB9D200DB3ED1 /* libRCTNetwork.a */; };
		00C302EA1ABCBA2D00DB3ED1 /* libRCTVibration.a in Frameworks */ = {isa = PBXBuildFile; fileRef = 00C302E41ABCB9EE00DB3ED1 /* libRCTVibration.a */; };
		133E29F31AD74F7200F7D852 /* libRCTLinking.a in Frameworks */ = {isa = PBXBuildFile; fileRef = 78C398B91ACF4ADC00677621 /* libRCTLinking.a */; };
		139105C61AF99C1200B5F7CC /* libRCTSettings.a in Frameworks */ = {isa = PBXBuildFile; fileRef = 139105C11AF99BAD00B5F7CC /* libRCTSettings.a */; };
		139FDEF61B0652A700C62182 /* libRCTWebSocket.a in Frameworks */ = {isa = PBXBuildFile; fileRef = 139FDEF41B06529B00C62182 /* libRCTWebSocket.a */; };
		13B07FBC1A68108700A75B9A /* AppDelegate.m in Sources */ = {isa = PBXBuildFile; fileRef = 13B07FB01A68108700A75B9A /* AppDelegate.m */; };
		13B07FBD1A68108700A75B9A /* LaunchScreen.xib in Resources */ = {isa = PBXBuildFile; fileRef = 13B07FB11A68108700A75B9A /* LaunchScreen.xib */; };
		13B07FBF1A68108700A75B9A /* Images.xcassets in Resources */ = {isa = PBXBuildFile; fileRef = 13B07FB51A68108700A75B9A /* Images.xcassets */; };
		13B07FC11A68108700A75B9A /* main.m in Sources */ = {isa = PBXBuildFile; fileRef = 13B07FB71A68108700A75B9A /* main.m */; };
		224DE5631EB9B7A6004C2335 /* bet.wav in Resources */ = {isa = PBXBuildFile; fileRef = 224DE5621EB9B7A6004C2335 /* bet.wav */; };
		22516AC81E24C2FE006AE35D /* TCOpenOtherAppHelper.m in Sources */ = {isa = PBXBuildFile; fileRef = 22516AC71E24C2FE006AE35D /* TCOpenOtherAppHelper.m */; };
		22810F731E55E2E8006A0264 /* jcore-ios-1.1.1.a in Frameworks */ = {isa = PBXBuildFile; fileRef = 22810F711E55E2E8006A0264 /* jcore-ios-1.1.1.a */; };
		22810F741E55E2E8006A0264 /* jpush-ios-3.0.2.a in Frameworks */ = {isa = PBXBuildFile; fileRef = 22810F721E55E2E8006A0264 /* jpush-ios-3.0.2.a */; };
		2294D7271DEBD2A20011EEF3 /* libRCTToast.a in Frameworks */ = {isa = PBXBuildFile; fileRef = 2294D7261DEBD2860011EEF3 /* libRCTToast.a */; };
		22992BFC1E549E1C001526CB /* CFNetwork.framework in Frameworks */ = {isa = PBXBuildFile; fileRef = 22992BFB1E549E1C001526CB /* CFNetwork.framework */; };
		22992BFE1E549E26001526CB /* CoreFoundation.framework in Frameworks */ = {isa = PBXBuildFile; fileRef = 22992BFD1E549E26001526CB /* CoreFoundation.framework */; };
		22992C001E549E30001526CB /* CoreTelephony.framework in Frameworks */ = {isa = PBXBuildFile; fileRef = 22992BFF1E549E30001526CB /* CoreTelephony.framework */; };
		22992C021E549E37001526CB /* SystemConfiguration.framework in Frameworks */ = {isa = PBXBuildFile; fileRef = 22992C011E549E37001526CB /* SystemConfiguration.framework */; };
		22992C041E549E45001526CB /* CoreGraphics.framework in Frameworks */ = {isa = PBXBuildFile; fileRef = 22992C031E549E45001526CB /* CoreGraphics.framework */; };
		22992C061E549E54001526CB /* Foundation.framework in Frameworks */ = {isa = PBXBuildFile; fileRef = 22992C051E549E54001526CB /* Foundation.framework */; };
		22992C081E549E5A001526CB /* UIKit.framework in Frameworks */ = {isa = PBXBuildFile; fileRef = 22992C071E549E5A001526CB /* UIKit.framework */; };
		22992C0A1E549E60001526CB /* Security.framework in Frameworks */ = {isa = PBXBuildFile; fileRef = 22992C091E549E60001526CB /* Security.framework */; };
		22992C0C1E549E86001526CB /* UserNotifications.framework in Frameworks */ = {isa = PBXBuildFile; fileRef = 22992C0B1E549E86001526CB /* UserNotifications.framework */; };
		22992C0E1E549E91001526CB /* libresolv.tbd in Frameworks */ = {isa = PBXBuildFile; fileRef = 22992C0D1E549E91001526CB /* libresolv.tbd */; };
		22C847AA1E5AD0E100BD4AB4 /* JXKeyChain.m in Sources */ = {isa = PBXBuildFile; fileRef = 22C847A91E5AD0E100BD4AB4 /* JXKeyChain.m */; };
		22C847C21E5AD1FF00BD4AB4 /* JXHelper.m in Sources */ = {isa = PBXBuildFile; fileRef = 22C847C11E5AD1FF00BD4AB4 /* JXHelper.m */; };
		2D057F3457D14916B855E29F /* libRNSound.a in Frameworks */ = {isa = PBXBuildFile; fileRef = E7DA7979703D43CE84582991 /* libRNSound.a */; };
		7A9A48E7C4B54A7690F5D061 /* libz.tbd in Frameworks */ = {isa = PBXBuildFile; fileRef = 1BFCAEC17F9F4A19A4A8F596 /* libz.tbd */; };
		832341BD1AAA6AB300B99B32 /* libRCTText.a in Frameworks */ = {isa = PBXBuildFile; fileRef = 832341B51AAA6A8300B99B32 /* libRCTText.a */; };
		8F71EA75BDC246A6A9F4074E /* libRNShakeEvent.a in Frameworks */ = {isa = PBXBuildFile; fileRef = F1378C941D904636B275E275 /* libRNShakeEvent.a */; };
		D95324B360984E80A8B04199 /* libRNViewShot.a in Frameworks */ = {isa = PBXBuildFile; fileRef = 83E04CCE5F6B43BDA322E469 /* libRNViewShot.a */; };
		E0C13B9DAD00E964FAF8B42E /* libPods-TC168.a in Frameworks */ = {isa = PBXBuildFile; fileRef = C1BC26DB88439B44F23F92E7 /* libPods-TC168.a */; };
		FE179EBF87A54484A750D3E8 /* libCodePush.a in Frameworks */ = {isa = PBXBuildFile; fileRef = 0CF2F47188114C0BB7D927C9 /* libCodePush.a */; };
/* End PBXBuildFile section */

/* Begin PBXContainerItemProxy section */
		00C302AB1ABCB8CE00DB3ED1 /* PBXContainerItemProxy */ = {
			isa = PBXContainerItemProxy;
			containerPortal = 00C302A71ABCB8CE00DB3ED1 /* RCTActionSheet.xcodeproj */;
			proxyType = 2;
			remoteGlobalIDString = 134814201AA4EA6300B7C361;
			remoteInfo = RCTActionSheet;
		};
		00C302B91ABCB90400DB3ED1 /* PBXContainerItemProxy */ = {
			isa = PBXContainerItemProxy;
			containerPortal = 00C302B51ABCB90400DB3ED1 /* RCTGeolocation.xcodeproj */;
			proxyType = 2;
			remoteGlobalIDString = 134814201AA4EA6300B7C361;
			remoteInfo = RCTGeolocation;
		};
		00C302BF1ABCB91800DB3ED1 /* PBXContainerItemProxy */ = {
			isa = PBXContainerItemProxy;
			containerPortal = 00C302BB1ABCB91800DB3ED1 /* RCTImage.xcodeproj */;
			proxyType = 2;
			remoteGlobalIDString = 58B5115D1A9E6B3D00147676;
			remoteInfo = RCTImage;
		};
		00C302DB1ABCB9D200DB3ED1 /* PBXContainerItemProxy */ = {
			isa = PBXContainerItemProxy;
			containerPortal = 00C302D31ABCB9D200DB3ED1 /* RCTNetwork.xcodeproj */;
			proxyType = 2;
			remoteGlobalIDString = 58B511DB1A9E6C8500147676;
			remoteInfo = RCTNetwork;
		};
		00C302E31ABCB9EE00DB3ED1 /* PBXContainerItemProxy */ = {
			isa = PBXContainerItemProxy;
			containerPortal = 00C302DF1ABCB9EE00DB3ED1 /* RCTVibration.xcodeproj */;
			proxyType = 2;
			remoteGlobalIDString = 832C81801AAF6DEF007FA2F7;
			remoteInfo = RCTVibration;
		};
		139105C01AF99BAD00B5F7CC /* PBXContainerItemProxy */ = {
			isa = PBXContainerItemProxy;
			containerPortal = 139105B61AF99BAD00B5F7CC /* RCTSettings.xcodeproj */;
			proxyType = 2;
			remoteGlobalIDString = 134814201AA4EA6300B7C361;
			remoteInfo = RCTSettings;
		};
		139FDEF31B06529B00C62182 /* PBXContainerItemProxy */ = {
			isa = PBXContainerItemProxy;
			containerPortal = 139FDEE61B06529A00C62182 /* RCTWebSocket.xcodeproj */;
			proxyType = 2;
			remoteGlobalIDString = 3C86DF461ADF2C930047B81A;
			remoteInfo = RCTWebSocket;
		};
		146834031AC3E56700842450 /* PBXContainerItemProxy */ = {
			isa = PBXContainerItemProxy;
			containerPortal = 146833FF1AC3E56700842450 /* React.xcodeproj */;
			proxyType = 2;
			remoteGlobalIDString = 83CBBA2E1A601D0E00E9B192;
			remoteInfo = React;
		};
		224DE55F1EB9B53A004C2335 /* PBXContainerItemProxy */ = {
			isa = PBXContainerItemProxy;
			containerPortal = D060A7B26DAF4F90A073FCE9 /* RNSound.xcodeproj */;
			proxyType = 2;
			remoteGlobalIDString = 19825A1E1BD4A89800EE0337;
			remoteInfo = RNSound;
		};
		2280B19B1E09604300685374 /* PBXContainerItemProxy */ = {
			isa = PBXContainerItemProxy;
			containerPortal = D03FC2C481704654901D57E1 /* RNShakeEvent.xcodeproj */;
			proxyType = 2;
			remoteGlobalIDString = 134814201AA4EA6300B7C361;
			remoteInfo = RNShakeEvent;
		};
		228CC4C21DDAACCA00366479 /* PBXContainerItemProxy */ = {
			isa = PBXContainerItemProxy;
			containerPortal = 00C302BB1ABCB91800DB3ED1 /* RCTImage.xcodeproj */;
			proxyType = 2;
			remoteGlobalIDString = 2D2A283A1D9B042B00D4039D;
			remoteInfo = "RCTImage-tvOS";
		};
		228CC4C61DDAACCA00366479 /* PBXContainerItemProxy */ = {
			isa = PBXContainerItemProxy;
			containerPortal = 78C398B01ACF4ADC00677621 /* RCTLinking.xcodeproj */;
			proxyType = 2;
			remoteGlobalIDString = 2D2A28471D9B043800D4039D;
			remoteInfo = "RCTLinking-tvOS";
		};
		228CC4CA1DDAACCA00366479 /* PBXContainerItemProxy */ = {
			isa = PBXContainerItemProxy;
			containerPortal = 00C302D31ABCB9D200DB3ED1 /* RCTNetwork.xcodeproj */;
			proxyType = 2;
			remoteGlobalIDString = 2D2A28541D9B044C00D4039D;
			remoteInfo = "RCTNetwork-tvOS";
		};
		228CC4CE1DDAACCA00366479 /* PBXContainerItemProxy */ = {
			isa = PBXContainerItemProxy;
			containerPortal = 139105B61AF99BAD00B5F7CC /* RCTSettings.xcodeproj */;
			proxyType = 2;
			remoteGlobalIDString = 2D2A28611D9B046600D4039D;
			remoteInfo = "RCTSettings-tvOS";
		};
		228CC4D21DDAACCA00366479 /* PBXContainerItemProxy */ = {
			isa = PBXContainerItemProxy;
			containerPortal = 832341B01AAA6A8300B99B32 /* RCTText.xcodeproj */;
			proxyType = 2;
			remoteGlobalIDString = 2D2A287B1D9B048500D4039D;
			remoteInfo = "RCTText-tvOS";
		};
		228CC4D71DDAACCA00366479 /* PBXContainerItemProxy */ = {
			isa = PBXContainerItemProxy;
			containerPortal = 139FDEE61B06529A00C62182 /* RCTWebSocket.xcodeproj */;
			proxyType = 2;
			remoteGlobalIDString = 2D2A28881D9B049200D4039D;
			remoteInfo = "RCTWebSocket-tvOS";
		};
		228CC4DB1DDAACCA00366479 /* PBXContainerItemProxy */ = {
			isa = PBXContainerItemProxy;
			containerPortal = 146833FF1AC3E56700842450 /* React.xcodeproj */;
			proxyType = 2;
			remoteGlobalIDString = 2D2A28131D9B038B00D4039D;
			remoteInfo = "React-tvOS";
		};
		2294D7251DEBD2860011EEF3 /* PBXContainerItemProxy */ = {
			isa = PBXContainerItemProxy;
			containerPortal = 2294D7211DEBD2860011EEF3 /* RCTToast.xcodeproj */;
			proxyType = 2;
			remoteGlobalIDString = 327633421BFAAD7E004DA88E;
			remoteInfo = RCTToast;
		};
		22A6104C1E1515B7006FC337 /* PBXContainerItemProxy */ = {
			isa = PBXContainerItemProxy;
			containerPortal = 32A995338E6E420CBB996884 /* CodePush.xcodeproj */;
			proxyType = 2;
			remoteGlobalIDString = 134814201AA4EA6300B7C361;
			remoteInfo = CodePush;
		};
		22CDD3D81E19FEF100A914DA /* PBXContainerItemProxy */ = {
			isa = PBXContainerItemProxy;
			containerPortal = A2138362279C4F838DF01D3D /* RNViewShot.xcodeproj */;
			proxyType = 2;
			remoteGlobalIDString = 134814201AA4EA6300B7C361;
			remoteInfo = RNViewShot;
		};
		78C398B81ACF4ADC00677621 /* PBXContainerItemProxy */ = {
			isa = PBXContainerItemProxy;
			containerPortal = 78C398B01ACF4ADC00677621 /* RCTLinking.xcodeproj */;
			proxyType = 2;
			remoteGlobalIDString = 134814201AA4EA6300B7C361;
			remoteInfo = RCTLinking;
		};
		832341B41AAA6A8300B99B32 /* PBXContainerItemProxy */ = {
			isa = PBXContainerItemProxy;
			containerPortal = 832341B01AAA6A8300B99B32 /* RCTText.xcodeproj */;
			proxyType = 2;
			remoteGlobalIDString = 58B5119B1A9E6C1200147676;
			remoteInfo = RCTText;
		};
/* End PBXContainerItemProxy section */

/* Begin PBXFileReference section */
		008F07F21AC5B25A0029DE68 /* main.jsbundle */ = {isa = PBXFileReference; fileEncoding = 4; lastKnownFileType = text; path = main.jsbundle; sourceTree = "<group>"; };
		00C302A71ABCB8CE00DB3ED1 /* RCTActionSheet.xcodeproj */ = {isa = PBXFileReference; lastKnownFileType = "wrapper.pb-project"; name = RCTActionSheet.xcodeproj; path = "../node_modules/react-native/Libraries/ActionSheetIOS/RCTActionSheet.xcodeproj"; sourceTree = "<group>"; };
		00C302B51ABCB90400DB3ED1 /* RCTGeolocation.xcodeproj */ = {isa = PBXFileReference; lastKnownFileType = "wrapper.pb-project"; name = RCTGeolocation.xcodeproj; path = "../node_modules/react-native/Libraries/Geolocation/RCTGeolocation.xcodeproj"; sourceTree = "<group>"; };
		00C302BB1ABCB91800DB3ED1 /* RCTImage.xcodeproj */ = {isa = PBXFileReference; lastKnownFileType = "wrapper.pb-project"; name = RCTImage.xcodeproj; path = "../node_modules/react-native/Libraries/Image/RCTImage.xcodeproj"; sourceTree = "<group>"; };
		00C302D31ABCB9D200DB3ED1 /* RCTNetwork.xcodeproj */ = {isa = PBXFileReference; lastKnownFileType = "wrapper.pb-project"; name = RCTNetwork.xcodeproj; path = "../node_modules/react-native/Libraries/Network/RCTNetwork.xcodeproj"; sourceTree = "<group>"; };
		00C302DF1ABCB9EE00DB3ED1 /* RCTVibration.xcodeproj */ = {isa = PBXFileReference; lastKnownFileType = "wrapper.pb-project"; name = RCTVibration.xcodeproj; path = "../node_modules/react-native/Libraries/Vibration/RCTVibration.xcodeproj"; sourceTree = "<group>"; };
		0CF2F47188114C0BB7D927C9 /* libCodePush.a */ = {isa = PBXFileReference; explicitFileType = undefined; fileEncoding = 9; includeInIndex = 0; lastKnownFileType = archive.ar; path = libCodePush.a; sourceTree = "<group>"; };
		139105B61AF99BAD00B5F7CC /* RCTSettings.xcodeproj */ = {isa = PBXFileReference; lastKnownFileType = "wrapper.pb-project"; name = RCTSettings.xcodeproj; path = "../node_modules/react-native/Libraries/Settings/RCTSettings.xcodeproj"; sourceTree = "<group>"; };
		139FDEE61B06529A00C62182 /* RCTWebSocket.xcodeproj */ = {isa = PBXFileReference; lastKnownFileType = "wrapper.pb-project"; name = RCTWebSocket.xcodeproj; path = "../node_modules/react-native/Libraries/WebSocket/RCTWebSocket.xcodeproj"; sourceTree = "<group>"; };
		13B07F961A680F5B00A75B9A /* TC168.app */ = {isa = PBXFileReference; explicitFileType = wrapper.application; includeInIndex = 0; path = TC168.app; sourceTree = BUILT_PRODUCTS_DIR; };
		13B07FAF1A68108700A75B9A /* AppDelegate.h */ = {isa = PBXFileReference; fileEncoding = 4; lastKnownFileType = sourcecode.c.h; name = AppDelegate.h; path = TC168/AppDelegate.h; sourceTree = "<group>"; };
		13B07FB01A68108700A75B9A /* AppDelegate.m */ = {isa = PBXFileReference; fileEncoding = 4; lastKnownFileType = sourcecode.c.objc; name = AppDelegate.m; path = TC168/AppDelegate.m; sourceTree = "<group>"; };
		13B07FB21A68108700A75B9A /* Base */ = {isa = PBXFileReference; lastKnownFileType = file.xib; name = Base; path = Base.lproj/LaunchScreen.xib; sourceTree = "<group>"; };
		13B07FB51A68108700A75B9A /* Images.xcassets */ = {isa = PBXFileReference; lastKnownFileType = folder.assetcatalog; name = Images.xcassets; path = TC168/Images.xcassets; sourceTree = "<group>"; };
		13B07FB61A68108700A75B9A /* Info.plist */ = {isa = PBXFileReference; fileEncoding = 4; lastKnownFileType = text.plist.xml; name = Info.plist; path = TC168/Info.plist; sourceTree = "<group>"; };
		13B07FB71A68108700A75B9A /* main.m */ = {isa = PBXFileReference; fileEncoding = 4; lastKnownFileType = sourcecode.c.objc; name = main.m; path = TC168/main.m; sourceTree = "<group>"; };
		146833FF1AC3E56700842450 /* React.xcodeproj */ = {isa = PBXFileReference; lastKnownFileType = "wrapper.pb-project"; name = React.xcodeproj; path = "../node_modules/react-native/React/React.xcodeproj"; sourceTree = "<group>"; };
		1BFCAEC17F9F4A19A4A8F596 /* libz.tbd */ = {isa = PBXFileReference; explicitFileType = undefined; fileEncoding = 9; includeInIndex = 0; lastKnownFileType = "sourcecode.text-based-dylib-definition"; name = libz.tbd; path = usr/lib/libz.tbd; sourceTree = SDKROOT; };
		224DE5621EB9B7A6004C2335 /* bet.wav */ = {isa = PBXFileReference; lastKnownFileType = audio.wav; path = bet.wav; sourceTree = "<group>"; };
		22516AC61E24C2FE006AE35D /* TCOpenOtherAppHelper.h */ = {isa = PBXFileReference; fileEncoding = 4; lastKnownFileType = sourcecode.c.h; path = TCOpenOtherAppHelper.h; sourceTree = "<group>"; };
		22516AC71E24C2FE006AE35D /* TCOpenOtherAppHelper.m */ = {isa = PBXFileReference; fileEncoding = 4; lastKnownFileType = sourcecode.c.objc; path = TCOpenOtherAppHelper.m; sourceTree = "<group>"; };
		22810F711E55E2E8006A0264 /* jcore-ios-1.1.1.a */ = {isa = PBXFileReference; lastKnownFileType = archive.ar; path = "jcore-ios-1.1.1.a"; sourceTree = "<group>"; };
		22810F721E55E2E8006A0264 /* jpush-ios-3.0.2.a */ = {isa = PBXFileReference; lastKnownFileType = archive.ar; path = "jpush-ios-3.0.2.a"; sourceTree = "<group>"; };
		2294D7211DEBD2860011EEF3 /* RCTToast.xcodeproj */ = {isa = PBXFileReference; lastKnownFileType = "wrapper.pb-project"; name = RCTToast.xcodeproj; path = "../../node_modules/@remobile/react-native-toast/ios/RCTToast.xcodeproj"; sourceTree = "<group>"; };
		22992BE41E549A49001526CB /* JPUSHService.h */ = {isa = PBXFileReference; fileEncoding = 4; lastKnownFileType = sourcecode.c.h; path = JPUSHService.h; sourceTree = "<group>"; };
		22992BFB1E549E1C001526CB /* CFNetwork.framework */ = {isa = PBXFileReference; lastKnownFileType = wrapper.framework; name = CFNetwork.framework; path = System/Library/Frameworks/CFNetwork.framework; sourceTree = SDKROOT; };
		22992BFD1E549E26001526CB /* CoreFoundation.framework */ = {isa = PBXFileReference; lastKnownFileType = wrapper.framework; name = CoreFoundation.framework; path = System/Library/Frameworks/CoreFoundation.framework; sourceTree = SDKROOT; };
		22992BFF1E549E30001526CB /* CoreTelephony.framework */ = {isa = PBXFileReference; lastKnownFileType = wrapper.framework; name = CoreTelephony.framework; path = System/Library/Frameworks/CoreTelephony.framework; sourceTree = SDKROOT; };
		22992C011E549E37001526CB /* SystemConfiguration.framework */ = {isa = PBXFileReference; lastKnownFileType = wrapper.framework; name = SystemConfiguration.framework; path = System/Library/Frameworks/SystemConfiguration.framework; sourceTree = SDKROOT; };
		22992C031E549E45001526CB /* CoreGraphics.framework */ = {isa = PBXFileReference; lastKnownFileType = wrapper.framework; name = CoreGraphics.framework; path = System/Library/Frameworks/CoreGraphics.framework; sourceTree = SDKROOT; };
		22992C051E549E54001526CB /* Foundation.framework */ = {isa = PBXFileReference; lastKnownFileType = wrapper.framework; name = Foundation.framework; path = System/Library/Frameworks/Foundation.framework; sourceTree = SDKROOT; };
		22992C071E549E5A001526CB /* UIKit.framework */ = {isa = PBXFileReference; lastKnownFileType = wrapper.framework; name = UIKit.framework; path = System/Library/Frameworks/UIKit.framework; sourceTree = SDKROOT; };
		22992C091E549E60001526CB /* Security.framework */ = {isa = PBXFileReference; lastKnownFileType = wrapper.framework; name = Security.framework; path = System/Library/Frameworks/Security.framework; sourceTree = SDKROOT; };
		22992C0B1E549E86001526CB /* UserNotifications.framework */ = {isa = PBXFileReference; lastKnownFileType = wrapper.framework; name = UserNotifications.framework; path = System/Library/Frameworks/UserNotifications.framework; sourceTree = SDKROOT; };
		22992C0D1E549E91001526CB /* libresolv.tbd */ = {isa = PBXFileReference; lastKnownFileType = "sourcecode.text-based-dylib-definition"; name = libresolv.tbd; path = usr/lib/libresolv.tbd; sourceTree = SDKROOT; };
		22C847A81E5AD0E100BD4AB4 /* JXKeyChain.h */ = {isa = PBXFileReference; fileEncoding = 4; lastKnownFileType = sourcecode.c.h; path = JXKeyChain.h; sourceTree = "<group>"; };
		22C847A91E5AD0E100BD4AB4 /* JXKeyChain.m */ = {isa = PBXFileReference; fileEncoding = 4; lastKnownFileType = sourcecode.c.objc; path = JXKeyChain.m; sourceTree = "<group>"; };
		22C847C01E5AD1FF00BD4AB4 /* JXHelper.h */ = {isa = PBXFileReference; fileEncoding = 4; lastKnownFileType = sourcecode.c.h; path = JXHelper.h; sourceTree = "<group>"; };
		22C847C11E5AD1FF00BD4AB4 /* JXHelper.m */ = {isa = PBXFileReference; fileEncoding = 4; lastKnownFileType = sourcecode.c.objc; path = JXHelper.m; sourceTree = "<group>"; };
		22D919661E54AC33001002AA /* TC168.entitlements */ = {isa = PBXFileReference; lastKnownFileType = text.plist.entitlements; name = TC168.entitlements; path = TC168/TC168.entitlements; sourceTree = "<group>"; };
		32A995338E6E420CBB996884 /* CodePush.xcodeproj */ = {isa = PBXFileReference; explicitFileType = undefined; fileEncoding = 9; includeInIndex = 0; lastKnownFileType = "wrapper.pb-project"; name = CodePush.xcodeproj; path = "../node_modules/react-native-code-push/ios/CodePush.xcodeproj"; sourceTree = "<group>"; };
		3E080F683299C2494D4AA257 /* Pods-TC168.release.xcconfig */ = {isa = PBXFileReference; includeInIndex = 1; lastKnownFileType = text.xcconfig; name = "Pods-TC168.release.xcconfig"; path = "Pods/Target Support Files/Pods-TC168/Pods-TC168.release.xcconfig"; sourceTree = "<group>"; };
		78C398B01ACF4ADC00677621 /* RCTLinking.xcodeproj */ = {isa = PBXFileReference; lastKnownFileType = "wrapper.pb-project"; name = RCTLinking.xcodeproj; path = "../node_modules/react-native/Libraries/LinkingIOS/RCTLinking.xcodeproj"; sourceTree = "<group>"; };
		832341B01AAA6A8300B99B32 /* RCTText.xcodeproj */ = {isa = PBXFileReference; lastKnownFileType = "wrapper.pb-project"; name = RCTText.xcodeproj; path = "../node_modules/react-native/Libraries/Text/RCTText.xcodeproj"; sourceTree = "<group>"; };
		83E04CCE5F6B43BDA322E469 /* libRNViewShot.a */ = {isa = PBXFileReference; explicitFileType = undefined; fileEncoding = 9; includeInIndex = 0; lastKnownFileType = archive.ar; path = libRNViewShot.a; sourceTree = "<group>"; };
		A2138362279C4F838DF01D3D /* RNViewShot.xcodeproj */ = {isa = PBXFileReference; explicitFileType = undefined; fileEncoding = 9; includeInIndex = 0; lastKnownFileType = "wrapper.pb-project"; name = RNViewShot.xcodeproj; path = "../node_modules/react-native-view-shot/ios/RNViewShot.xcodeproj"; sourceTree = "<group>"; };
		C1BC26DB88439B44F23F92E7 /* libPods-TC168.a */ = {isa = PBXFileReference; explicitFileType = archive.ar; includeInIndex = 0; path = "libPods-TC168.a"; sourceTree = BUILT_PRODUCTS_DIR; };
		D03FC2C481704654901D57E1 /* RNShakeEvent.xcodeproj */ = {isa = PBXFileReference; explicitFileType = undefined; fileEncoding = 9; includeInIndex = 0; lastKnownFileType = "wrapper.pb-project"; name = RNShakeEvent.xcodeproj; path = "../node_modules/react-native-shake-event/RNShakeEvent.xcodeproj"; sourceTree = "<group>"; };
		D060A7B26DAF4F90A073FCE9 /* RNSound.xcodeproj */ = {isa = PBXFileReference; explicitFileType = undefined; fileEncoding = 9; includeInIndex = 0; lastKnownFileType = "wrapper.pb-project"; name = RNSound.xcodeproj; path = "../node_modules/react-native-sound/RNSound.xcodeproj"; sourceTree = "<group>"; };
		E7DA7979703D43CE84582991 /* libRNSound.a */ = {isa = PBXFileReference; explicitFileType = undefined; fileEncoding = 9; includeInIndex = 0; lastKnownFileType = archive.ar; path = libRNSound.a; sourceTree = "<group>"; };
		E7E396B688F42F6F67B4EE55 /* Pods-TC168.debug.xcconfig */ = {isa = PBXFileReference; includeInIndex = 1; lastKnownFileType = text.xcconfig; name = "Pods-TC168.debug.xcconfig"; path = "Pods/Target Support Files/Pods-TC168/Pods-TC168.debug.xcconfig"; sourceTree = "<group>"; };
		F1378C941D904636B275E275 /* libRNShakeEvent.a */ = {isa = PBXFileReference; explicitFileType = undefined; fileEncoding = 9; includeInIndex = 0; lastKnownFileType = archive.ar; path = libRNShakeEvent.a; sourceTree = "<group>"; };
/* End PBXFileReference section */

/* Begin PBXFrameworksBuildPhase section */
		13B07F8C1A680F5B00A75B9A /* Frameworks */ = {
			isa = PBXFrameworksBuildPhase;
			buildActionMask = 2147483647;
			files = (
				22992C0E1E549E91001526CB /* libresolv.tbd in Frameworks */,
				22992C0C1E549E86001526CB /* UserNotifications.framework in Frameworks */,
				7A9A48E7C4B54A7690F5D061 /* libz.tbd in Frameworks */,
				22992C0A1E549E60001526CB /* Security.framework in Frameworks */,
				22992C081E549E5A001526CB /* UIKit.framework in Frameworks */,
				22992C061E549E54001526CB /* Foundation.framework in Frameworks */,
				22992C041E549E45001526CB /* CoreGraphics.framework in Frameworks */,
				22810F731E55E2E8006A0264 /* jcore-ios-1.1.1.a in Frameworks */,
				22992C021E549E37001526CB /* SystemConfiguration.framework in Frameworks */,
				22992C001E549E30001526CB /* CoreTelephony.framework in Frameworks */,
				22992BFE1E549E26001526CB /* CoreFoundation.framework in Frameworks */,
				22992BFC1E549E1C001526CB /* CFNetwork.framework in Frameworks */,
				00C302E51ABCBA2D00DB3ED1 /* libRCTActionSheet.a in Frameworks */,
				00C302E71ABCBA2D00DB3ED1 /* libRCTGeolocation.a in Frameworks */,
				00C302E81ABCBA2D00DB3ED1 /* libRCTImage.a in Frameworks */,
				133E29F31AD74F7200F7D852 /* libRCTLinking.a in Frameworks */,
				22810F741E55E2E8006A0264 /* jpush-ios-3.0.2.a in Frameworks */,
				00C302E91ABCBA2D00DB3ED1 /* libRCTNetwork.a in Frameworks */,
				139105C61AF99C1200B5F7CC /* libRCTSettings.a in Frameworks */,
				832341BD1AAA6AB300B99B32 /* libRCTText.a in Frameworks */,
				00C302EA1ABCBA2D00DB3ED1 /* libRCTVibration.a in Frameworks */,
				139FDEF61B0652A700C62182 /* libRCTWebSocket.a in Frameworks */,
				2294D7271DEBD2A20011EEF3 /* libRCTToast.a in Frameworks */,
				8F71EA75BDC246A6A9F4074E /* libRNShakeEvent.a in Frameworks */,
				D95324B360984E80A8B04199 /* libRNViewShot.a in Frameworks */,
				FE179EBF87A54484A750D3E8 /* libCodePush.a in Frameworks */,
				E0C13B9DAD00E964FAF8B42E /* libPods-TC168.a in Frameworks */,
				2D057F3457D14916B855E29F /* libRNSound.a in Frameworks */,
			);
			runOnlyForDeploymentPostprocessing = 0;
		};
/* End PBXFrameworksBuildPhase section */

/* Begin PBXGroup section */
		00C302A81ABCB8CE00DB3ED1 /* Products */ = {
			isa = PBXGroup;
			children = (
				00C302AC1ABCB8CE00DB3ED1 /* libRCTActionSheet.a */,
			);
			name = Products;
			sourceTree = "<group>";
		};
		00C302B61ABCB90400DB3ED1 /* Products */ = {
			isa = PBXGroup;
			children = (
				00C302BA1ABCB90400DB3ED1 /* libRCTGeolocation.a */,
			);
			name = Products;
			sourceTree = "<group>";
		};
		00C302BC1ABCB91800DB3ED1 /* Products */ = {
			isa = PBXGroup;
			children = (
				00C302C01ABCB91800DB3ED1 /* libRCTImage.a */,
				228CC4C31DDAACCA00366479 /* libRCTImage-tvOS.a */,
			);
			name = Products;
			sourceTree = "<group>";
		};
		00C302D41ABCB9D200DB3ED1 /* Products */ = {
			isa = PBXGroup;
			children = (
				00C302DC1ABCB9D200DB3ED1 /* libRCTNetwork.a */,
				228CC4CB1DDAACCA00366479 /* libRCTNetwork-tvOS.a */,
			);
			name = Products;
			sourceTree = "<group>";
		};
		00C302E01ABCB9EE00DB3ED1 /* Products */ = {
			isa = PBXGroup;
			children = (
				00C302E41ABCB9EE00DB3ED1 /* libRCTVibration.a */,
			);
			name = Products;
			sourceTree = "<group>";
		};
		139105B71AF99BAD00B5F7CC /* Products */ = {
			isa = PBXGroup;
			children = (
				139105C11AF99BAD00B5F7CC /* libRCTSettings.a */,
				228CC4CF1DDAACCA00366479 /* libRCTSettings-tvOS.a */,
			);
			name = Products;
			sourceTree = "<group>";
		};
		139FDEE71B06529A00C62182 /* Products */ = {
			isa = PBXGroup;
			children = (
				139FDEF41B06529B00C62182 /* libRCTWebSocket.a */,
				228CC4D81DDAACCA00366479 /* libRCTWebSocket-tvOS.a */,
			);
			name = Products;
			sourceTree = "<group>";
		};
		13B07FAE1A68108700A75B9A /* TC168 */ = {
			isa = PBXGroup;
			children = (
				22D919661E54AC33001002AA /* TC168.entitlements */,
				22516AC41E24C29E006AE35D /* src */,
				227263F21DE6B51000120A32 /* vendors */,
				008F07F21AC5B25A0029DE68 /* main.jsbundle */,
				13B07FAF1A68108700A75B9A /* AppDelegate.h */,
				13B07FB01A68108700A75B9A /* AppDelegate.m */,
				13B07FB51A68108700A75B9A /* Images.xcassets */,
				13B07FB61A68108700A75B9A /* Info.plist */,
				13B07FB11A68108700A75B9A /* LaunchScreen.xib */,
				13B07FB71A68108700A75B9A /* main.m */,
			);
			name = TC168;
			sourceTree = "<group>";
		};
		146834001AC3E56700842450 /* Products */ = {
			isa = PBXGroup;
			children = (
				146834041AC3E56700842450 /* libReact.a */,
				228CC4DC1DDAACCA00366479 /* libReact-tvOS.a */,
			);
			name = Products;
			sourceTree = "<group>";
		};
		224DE5481EB9B53A004C2335 /* Products */ = {
			isa = PBXGroup;
			children = (
				224DE5601EB9B53A004C2335 /* libRNSound.a */,
			);
			name = Products;
			sourceTree = "<group>";
		};
		22516AC41E24C29E006AE35D /* src */ = {
			isa = PBXGroup;
			children = (
				22992BE01E549A49001526CB /* Vendors */,
				22516AC51E24C2C2006AE35D /* Tools */,
			);
			path = src;
			sourceTree = "<group>";
		};
		22516AC51E24C2C2006AE35D /* Tools */ = {
			isa = PBXGroup;
			children = (
				224DE5621EB9B7A6004C2335 /* bet.wav */,
				22516AC61E24C2FE006AE35D /* TCOpenOtherAppHelper.h */,
				22516AC71E24C2FE006AE35D /* TCOpenOtherAppHelper.m */,
				22C847C01E5AD1FF00BD4AB4 /* JXHelper.h */,
				22C847C11E5AD1FF00BD4AB4 /* JXHelper.m */,
				22C847A81E5AD0E100BD4AB4 /* JXKeyChain.h */,
				22C847A91E5AD0E100BD4AB4 /* JXKeyChain.m */,
			);
			path = Tools;
			sourceTree = "<group>";
		};
		227263F21DE6B51000120A32 /* vendors */ = {
			isa = PBXGroup;
			children = (
				2294D7211DEBD2860011EEF3 /* RCTToast.xcodeproj */,
			);
			path = vendors;
			sourceTree = "<group>";
		};
		2280B1861E09604300685374 /* Products */ = {
			isa = PBXGroup;
			children = (
				2280B19C1E09604300685374 /* libRNShakeEvent.a */,
			);
			name = Products;
			sourceTree = "<group>";
		};
		2294D7221DEBD2860011EEF3 /* Products */ = {
			isa = PBXGroup;
			children = (
				2294D7261DEBD2860011EEF3 /* libRCTToast.a */,
			);
			name = Products;
			sourceTree = "<group>";
		};
		22992BE01E549A49001526CB /* Vendors */ = {
			isa = PBXGroup;
			children = (
				22992BE11E549A49001526CB /* JPush */,
			);
			path = Vendors;
			sourceTree = "<group>";
		};
		22992BE11E549A49001526CB /* JPush */ = {
			isa = PBXGroup;
			children = (
				22992BE21E549A49001526CB /* Lib */,
			);
			path = JPush;
			sourceTree = "<group>";
		};
		22992BE21E549A49001526CB /* Lib */ = {
			isa = PBXGroup;
			children = (
				22810F711E55E2E8006A0264 /* jcore-ios-1.1.1.a */,
				22810F721E55E2E8006A0264 /* jpush-ios-3.0.2.a */,
				22992BE41E549A49001526CB /* JPUSHService.h */,
			);
			path = Lib;
			sourceTree = "<group>";
		};
		22A610491E1515B7006FC337 /* Products */ = {
			isa = PBXGroup;
			children = (
				22A6104D1E1515B7006FC337 /* libCodePush.a */,
			);
			name = Products;
			sourceTree = "<group>";
		};
		22CDD3C11E19FEF100A914DA /* Products */ = {
			isa = PBXGroup;
			children = (
				22CDD3D91E19FEF100A914DA /* libRNViewShot.a */,
			);
			name = Products;
			sourceTree = "<group>";
		};
		78C398B11ACF4ADC00677621 /* Products */ = {
			isa = PBXGroup;
			children = (
				78C398B91ACF4ADC00677621 /* libRCTLinking.a */,
				228CC4C71DDAACCA00366479 /* libRCTLinking-tvOS.a */,
			);
			name = Products;
			sourceTree = "<group>";
		};
		832341AE1AAA6A7D00B99B32 /* Libraries */ = {
			isa = PBXGroup;
			children = (
				146833FF1AC3E56700842450 /* React.xcodeproj */,
				00C302A71ABCB8CE00DB3ED1 /* RCTActionSheet.xcodeproj */,
				00C302B51ABCB90400DB3ED1 /* RCTGeolocation.xcodeproj */,
				00C302BB1ABCB91800DB3ED1 /* RCTImage.xcodeproj */,
				78C398B01ACF4ADC00677621 /* RCTLinking.xcodeproj */,
				00C302D31ABCB9D200DB3ED1 /* RCTNetwork.xcodeproj */,
				139105B61AF99BAD00B5F7CC /* RCTSettings.xcodeproj */,
				832341B01AAA6A8300B99B32 /* RCTText.xcodeproj */,
				00C302DF1ABCB9EE00DB3ED1 /* RCTVibration.xcodeproj */,
				139FDEE61B06529A00C62182 /* RCTWebSocket.xcodeproj */,
				D03FC2C481704654901D57E1 /* RNShakeEvent.xcodeproj */,
				A2138362279C4F838DF01D3D /* RNViewShot.xcodeproj */,
				32A995338E6E420CBB996884 /* CodePush.xcodeproj */,
				D060A7B26DAF4F90A073FCE9 /* RNSound.xcodeproj */,
			);
			name = Libraries;
			sourceTree = "<group>";
		};
		832341B11AAA6A8300B99B32 /* Products */ = {
			isa = PBXGroup;
			children = (
				832341B51AAA6A8300B99B32 /* libRCTText.a */,
				228CC4D31DDAACCA00366479 /* libRCTText-tvOS.a */,
			);
			name = Products;
			sourceTree = "<group>";
		};
		83CBB9F61A601CBA00E9B192 = {
			isa = PBXGroup;
			children = (
				13B07FAE1A68108700A75B9A /* TC168 */,
				832341AE1AAA6A7D00B99B32 /* Libraries */,
				83CBBA001A601CBA00E9B192 /* Products */,
				EF14DBB2E6B3433B9096CC3F /* Frameworks */,
				C0C361282AF645A4F2BC49E8 /* Pods */,
			);
			indentWidth = 2;
			sourceTree = "<group>";
			tabWidth = 2;
		};
		83CBBA001A601CBA00E9B192 /* Products */ = {
			isa = PBXGroup;
			children = (
				13B07F961A680F5B00A75B9A /* TC168.app */,
			);
			name = Products;
			sourceTree = "<group>";
		};
		C0C361282AF645A4F2BC49E8 /* Pods */ = {
			isa = PBXGroup;
			children = (
				E7E396B688F42F6F67B4EE55 /* Pods-TC168.debug.xcconfig */,
				3E080F683299C2494D4AA257 /* Pods-TC168.release.xcconfig */,
			);
			name = Pods;
			sourceTree = "<group>";
		};
		EF14DBB2E6B3433B9096CC3F /* Frameworks */ = {
			isa = PBXGroup;
			children = (
				22992C0D1E549E91001526CB /* libresolv.tbd */,
				22992C0B1E549E86001526CB /* UserNotifications.framework */,
				22992C091E549E60001526CB /* Security.framework */,
				22992C071E549E5A001526CB /* UIKit.framework */,
				22992C051E549E54001526CB /* Foundation.framework */,
				22992C031E549E45001526CB /* CoreGraphics.framework */,
				22992C011E549E37001526CB /* SystemConfiguration.framework */,
				22992BFF1E549E30001526CB /* CoreTelephony.framework */,
				22992BFD1E549E26001526CB /* CoreFoundation.framework */,
				22992BFB1E549E1C001526CB /* CFNetwork.framework */,
				1BFCAEC17F9F4A19A4A8F596 /* libz.tbd */,
				C1BC26DB88439B44F23F92E7 /* libPods-TC168.a */,
			);
			name = Frameworks;
			sourceTree = "<group>";
		};
/* End PBXGroup section */

/* Begin PBXNativeTarget section */
		13B07F861A680F5B00A75B9A /* TC168 */ = {
			isa = PBXNativeTarget;
			buildConfigurationList = 13B07F931A680F5B00A75B9A /* Build configuration list for PBXNativeTarget "TC168" */;
			buildPhases = (
				AF5960853814D2BCFCA4111F /* [CP] Check Pods Manifest.lock */,
				13B07F871A680F5B00A75B9A /* Sources */,
				13B07F8C1A680F5B00A75B9A /* Frameworks */,
				13B07F8E1A680F5B00A75B9A /* Resources */,
				00DD1BFF1BD5951E006B06BC /* Bundle React Native code and images */,
				6BB8932AF036859FF6321CBE /* [CP] Embed Pods Frameworks */,
				8472A404FEC9DFA973C4909A /* [CP] Copy Pods Resources */,
			);
			buildRules = (
			);
			dependencies = (
			);
			name = TC168;
			productName = "Hello World";
			productReference = 13B07F961A680F5B00A75B9A /* TC168.app */;
			productType = "com.apple.product-type.application";
		};
/* End PBXNativeTarget section */

/* Begin PBXProject section */
		83CBB9F71A601CBA00E9B192 /* Project object */ = {
			isa = PBXProject;
			attributes = {
				LastUpgradeCheck = 810;
				ORGANIZATIONNAME = Facebook;
				TargetAttributes = {
					13B07F861A680F5B00A75B9A = {
						DevelopmentTeam = 8938LB37FV;
						ProvisioningStyle = Automatic;
						SystemCapabilities = {
							com.apple.Push = {
								enabled = 1;
							};
						};
					};
				};
			};
			buildConfigurationList = 83CBB9FA1A601CBA00E9B192 /* Build configuration list for PBXProject "TC168" */;
			compatibilityVersion = "Xcode 3.2";
			developmentRegion = English;
			hasScannedForEncodings = 0;
			knownRegions = (
				en,
				Base,
			);
			mainGroup = 83CBB9F61A601CBA00E9B192;
			productRefGroup = 83CBBA001A601CBA00E9B192 /* Products */;
			projectDirPath = "";
			projectReferences = (
				{
					ProductGroup = 22A610491E1515B7006FC337 /* Products */;
					ProjectRef = 32A995338E6E420CBB996884 /* CodePush.xcodeproj */;
				},
				{
					ProductGroup = 00C302A81ABCB8CE00DB3ED1 /* Products */;
					ProjectRef = 00C302A71ABCB8CE00DB3ED1 /* RCTActionSheet.xcodeproj */;
				},
				{
					ProductGroup = 00C302B61ABCB90400DB3ED1 /* Products */;
					ProjectRef = 00C302B51ABCB90400DB3ED1 /* RCTGeolocation.xcodeproj */;
				},
				{
					ProductGroup = 00C302BC1ABCB91800DB3ED1 /* Products */;
					ProjectRef = 00C302BB1ABCB91800DB3ED1 /* RCTImage.xcodeproj */;
				},
				{
					ProductGroup = 78C398B11ACF4ADC00677621 /* Products */;
					ProjectRef = 78C398B01ACF4ADC00677621 /* RCTLinking.xcodeproj */;
				},
				{
					ProductGroup = 00C302D41ABCB9D200DB3ED1 /* Products */;
					ProjectRef = 00C302D31ABCB9D200DB3ED1 /* RCTNetwork.xcodeproj */;
				},
				{
					ProductGroup = 139105B71AF99BAD00B5F7CC /* Products */;
					ProjectRef = 139105B61AF99BAD00B5F7CC /* RCTSettings.xcodeproj */;
				},
				{
					ProductGroup = 832341B11AAA6A8300B99B32 /* Products */;
					ProjectRef = 832341B01AAA6A8300B99B32 /* RCTText.xcodeproj */;
				},
				{
					ProductGroup = 2294D7221DEBD2860011EEF3 /* Products */;
					ProjectRef = 2294D7211DEBD2860011EEF3 /* RCTToast.xcodeproj */;
				},
				{
					ProductGroup = 00C302E01ABCB9EE00DB3ED1 /* Products */;
					ProjectRef = 00C302DF1ABCB9EE00DB3ED1 /* RCTVibration.xcodeproj */;
				},
				{
					ProductGroup = 139FDEE71B06529A00C62182 /* Products */;
					ProjectRef = 139FDEE61B06529A00C62182 /* RCTWebSocket.xcodeproj */;
				},
				{
					ProductGroup = 146834001AC3E56700842450 /* Products */;
					ProjectRef = 146833FF1AC3E56700842450 /* React.xcodeproj */;
				},
				{
					ProductGroup = 2280B1861E09604300685374 /* Products */;
					ProjectRef = D03FC2C481704654901D57E1 /* RNShakeEvent.xcodeproj */;
				},
				{
					ProductGroup = 224DE5481EB9B53A004C2335 /* Products */;
					ProjectRef = D060A7B26DAF4F90A073FCE9 /* RNSound.xcodeproj */;
				},
				{
					ProductGroup = 22CDD3C11E19FEF100A914DA /* Products */;
					ProjectRef = A2138362279C4F838DF01D3D /* RNViewShot.xcodeproj */;
				},
			);
			projectRoot = "";
			targets = (
				13B07F861A680F5B00A75B9A /* TC168 */,
			);
		};
/* End PBXProject section */

/* Begin PBXReferenceProxy section */
		00C302AC1ABCB8CE00DB3ED1 /* libRCTActionSheet.a */ = {
			isa = PBXReferenceProxy;
			fileType = archive.ar;
			path = libRCTActionSheet.a;
			remoteRef = 00C302AB1ABCB8CE00DB3ED1 /* PBXContainerItemProxy */;
			sourceTree = BUILT_PRODUCTS_DIR;
		};
		00C302BA1ABCB90400DB3ED1 /* libRCTGeolocation.a */ = {
			isa = PBXReferenceProxy;
			fileType = archive.ar;
			path = libRCTGeolocation.a;
			remoteRef = 00C302B91ABCB90400DB3ED1 /* PBXContainerItemProxy */;
			sourceTree = BUILT_PRODUCTS_DIR;
		};
		00C302C01ABCB91800DB3ED1 /* libRCTImage.a */ = {
			isa = PBXReferenceProxy;
			fileType = archive.ar;
			path = libRCTImage.a;
			remoteRef = 00C302BF1ABCB91800DB3ED1 /* PBXContainerItemProxy */;
			sourceTree = BUILT_PRODUCTS_DIR;
		};
		00C302DC1ABCB9D200DB3ED1 /* libRCTNetwork.a */ = {
			isa = PBXReferenceProxy;
			fileType = archive.ar;
			path = libRCTNetwork.a;
			remoteRef = 00C302DB1ABCB9D200DB3ED1 /* PBXContainerItemProxy */;
			sourceTree = BUILT_PRODUCTS_DIR;
		};
		00C302E41ABCB9EE00DB3ED1 /* libRCTVibration.a */ = {
			isa = PBXReferenceProxy;
			fileType = archive.ar;
			path = libRCTVibration.a;
			remoteRef = 00C302E31ABCB9EE00DB3ED1 /* PBXContainerItemProxy */;
			sourceTree = BUILT_PRODUCTS_DIR;
		};
		139105C11AF99BAD00B5F7CC /* libRCTSettings.a */ = {
			isa = PBXReferenceProxy;
			fileType = archive.ar;
			path = libRCTSettings.a;
			remoteRef = 139105C01AF99BAD00B5F7CC /* PBXContainerItemProxy */;
			sourceTree = BUILT_PRODUCTS_DIR;
		};
		139FDEF41B06529B00C62182 /* libRCTWebSocket.a */ = {
			isa = PBXReferenceProxy;
			fileType = archive.ar;
			path = libRCTWebSocket.a;
			remoteRef = 139FDEF31B06529B00C62182 /* PBXContainerItemProxy */;
			sourceTree = BUILT_PRODUCTS_DIR;
		};
		146834041AC3E56700842450 /* libReact.a */ = {
			isa = PBXReferenceProxy;
			fileType = archive.ar;
			path = libReact.a;
			remoteRef = 146834031AC3E56700842450 /* PBXContainerItemProxy */;
			sourceTree = BUILT_PRODUCTS_DIR;
		};
		224DE5601EB9B53A004C2335 /* libRNSound.a */ = {
			isa = PBXReferenceProxy;
			fileType = archive.ar;
			path = libRNSound.a;
			remoteRef = 224DE55F1EB9B53A004C2335 /* PBXContainerItemProxy */;
			sourceTree = BUILT_PRODUCTS_DIR;
		};
		2280B19C1E09604300685374 /* libRNShakeEvent.a */ = {
			isa = PBXReferenceProxy;
			fileType = archive.ar;
			path = libRNShakeEvent.a;
			remoteRef = 2280B19B1E09604300685374 /* PBXContainerItemProxy */;
			sourceTree = BUILT_PRODUCTS_DIR;
		};
		228CC4C31DDAACCA00366479 /* libRCTImage-tvOS.a */ = {
			isa = PBXReferenceProxy;
			fileType = archive.ar;
			path = "libRCTImage-tvOS.a";
			remoteRef = 228CC4C21DDAACCA00366479 /* PBXContainerItemProxy */;
			sourceTree = BUILT_PRODUCTS_DIR;
		};
		228CC4C71DDAACCA00366479 /* libRCTLinking-tvOS.a */ = {
			isa = PBXReferenceProxy;
			fileType = archive.ar;
			path = "libRCTLinking-tvOS.a";
			remoteRef = 228CC4C61DDAACCA00366479 /* PBXContainerItemProxy */;
			sourceTree = BUILT_PRODUCTS_DIR;
		};
		228CC4CB1DDAACCA00366479 /* libRCTNetwork-tvOS.a */ = {
			isa = PBXReferenceProxy;
			fileType = archive.ar;
			path = "libRCTNetwork-tvOS.a";
			remoteRef = 228CC4CA1DDAACCA00366479 /* PBXContainerItemProxy */;
			sourceTree = BUILT_PRODUCTS_DIR;
		};
		228CC4CF1DDAACCA00366479 /* libRCTSettings-tvOS.a */ = {
			isa = PBXReferenceProxy;
			fileType = archive.ar;
			path = "libRCTSettings-tvOS.a";
			remoteRef = 228CC4CE1DDAACCA00366479 /* PBXContainerItemProxy */;
			sourceTree = BUILT_PRODUCTS_DIR;
		};
		228CC4D31DDAACCA00366479 /* libRCTText-tvOS.a */ = {
			isa = PBXReferenceProxy;
			fileType = archive.ar;
			path = "libRCTText-tvOS.a";
			remoteRef = 228CC4D21DDAACCA00366479 /* PBXContainerItemProxy */;
			sourceTree = BUILT_PRODUCTS_DIR;
		};
		228CC4D81DDAACCA00366479 /* libRCTWebSocket-tvOS.a */ = {
			isa = PBXReferenceProxy;
			fileType = archive.ar;
			path = "libRCTWebSocket-tvOS.a";
			remoteRef = 228CC4D71DDAACCA00366479 /* PBXContainerItemProxy */;
			sourceTree = BUILT_PRODUCTS_DIR;
		};
		228CC4DC1DDAACCA00366479 /* libReact-tvOS.a */ = {
			isa = PBXReferenceProxy;
			fileType = archive.ar;
			path = "libReact-tvOS.a";
			remoteRef = 228CC4DB1DDAACCA00366479 /* PBXContainerItemProxy */;
			sourceTree = BUILT_PRODUCTS_DIR;
		};
		2294D7261DEBD2860011EEF3 /* libRCTToast.a */ = {
			isa = PBXReferenceProxy;
			fileType = archive.ar;
			path = libRCTToast.a;
			remoteRef = 2294D7251DEBD2860011EEF3 /* PBXContainerItemProxy */;
			sourceTree = BUILT_PRODUCTS_DIR;
		};
		22A6104D1E1515B7006FC337 /* libCodePush.a */ = {
			isa = PBXReferenceProxy;
			fileType = archive.ar;
			path = libCodePush.a;
			remoteRef = 22A6104C1E1515B7006FC337 /* PBXContainerItemProxy */;
			sourceTree = BUILT_PRODUCTS_DIR;
		};
		22CDD3D91E19FEF100A914DA /* libRNViewShot.a */ = {
			isa = PBXReferenceProxy;
			fileType = archive.ar;
			path = libRNViewShot.a;
			remoteRef = 22CDD3D81E19FEF100A914DA /* PBXContainerItemProxy */;
			sourceTree = BUILT_PRODUCTS_DIR;
		};
		78C398B91ACF4ADC00677621 /* libRCTLinking.a */ = {
			isa = PBXReferenceProxy;
			fileType = archive.ar;
			path = libRCTLinking.a;
			remoteRef = 78C398B81ACF4ADC00677621 /* PBXContainerItemProxy */;
			sourceTree = BUILT_PRODUCTS_DIR;
		};
		832341B51AAA6A8300B99B32 /* libRCTText.a */ = {
			isa = PBXReferenceProxy;
			fileType = archive.ar;
			path = libRCTText.a;
			remoteRef = 832341B41AAA6A8300B99B32 /* PBXContainerItemProxy */;
			sourceTree = BUILT_PRODUCTS_DIR;
		};
/* End PBXReferenceProxy section */

/* Begin PBXResourcesBuildPhase section */
		13B07F8E1A680F5B00A75B9A /* Resources */ = {
			isa = PBXResourcesBuildPhase;
			buildActionMask = 2147483647;
			files = (
				224DE5631EB9B7A6004C2335 /* bet.wav in Resources */,
				13B07FBF1A68108700A75B9A /* Images.xcassets in Resources */,
				13B07FBD1A68108700A75B9A /* LaunchScreen.xib in Resources */,
			);
			runOnlyForDeploymentPostprocessing = 0;
		};
/* End PBXResourcesBuildPhase section */

/* Begin PBXShellScriptBuildPhase section */
		00DD1BFF1BD5951E006B06BC /* Bundle React Native code and images */ = {
			isa = PBXShellScriptBuildPhase;
			buildActionMask = 12;
			files = (
			);
			inputPaths = (
			);
			name = "Bundle React Native code and images";
			outputPaths = (
			);
			runOnlyForDeploymentPostprocessing = 0;
			shellPath = /bin/sh;
			shellScript = "export NODE_BINARY=node\n../node_modules/react-native/packager/react-native-xcode.sh";
		};
		6BB8932AF036859FF6321CBE /* [CP] Embed Pods Frameworks */ = {
			isa = PBXShellScriptBuildPhase;
			buildActionMask = 2147483647;
			files = (
			);
			inputPaths = (
			);
			name = "[CP] Embed Pods Frameworks";
			outputPaths = (
			);
			runOnlyForDeploymentPostprocessing = 0;
			shellPath = /bin/sh;
			shellScript = "\"${SRCROOT}/Pods/Target Support Files/Pods-TC168/Pods-TC168-frameworks.sh\"\n";
			showEnvVarsInLog = 0;
		};
		8472A404FEC9DFA973C4909A /* [CP] Copy Pods Resources */ = {
			isa = PBXShellScriptBuildPhase;
			buildActionMask = 2147483647;
			files = (
			);
			inputPaths = (
			);
			name = "[CP] Copy Pods Resources";
			outputPaths = (
			);
			runOnlyForDeploymentPostprocessing = 0;
			shellPath = /bin/sh;
			shellScript = "\"${SRCROOT}/Pods/Target Support Files/Pods-TC168/Pods-TC168-resources.sh\"\n";
		};
		AF5960853814D2BCFCA4111F /* [CP] Check Pods Manifest.lock */ = {
			isa = PBXShellScriptBuildPhase;
			buildActionMask = 2147483647;
			files = (
			);
			inputPaths = (
			);
			name = "[CP] Check Pods Manifest.lock";
			outputPaths = (
			);
			runOnlyForDeploymentPostprocessing = 0;
			shellPath = /bin/sh;
			shellScript = "diff \"${PODS_ROOT}/../Podfile.lock\" \"${PODS_ROOT}/Manifest.lock\" > /dev/null\nif [[ $? != 0 ]] ; then\n    cat << EOM\nerror: The sandbox is not in sync with the Podfile.lock. Run 'pod install' or update your CocoaPods installation.\nEOM\n    exit 1\nfi\n";
			showEnvVarsInLog = 0;
		};
/* End PBXShellScriptBuildPhase section */

/* Begin PBXSourcesBuildPhase section */
		13B07F871A680F5B00A75B9A /* Sources */ = {
			isa = PBXSourcesBuildPhase;
			buildActionMask = 2147483647;
			files = (
				22C847C21E5AD1FF00BD4AB4 /* JXHelper.m in Sources */,
				22516AC81E24C2FE006AE35D /* TCOpenOtherAppHelper.m in Sources */,
				22C847AA1E5AD0E100BD4AB4 /* JXKeyChain.m in Sources */,
				13B07FBC1A68108700A75B9A /* AppDelegate.m in Sources */,
				13B07FC11A68108700A75B9A /* main.m in Sources */,
			);
			runOnlyForDeploymentPostprocessing = 0;
		};
/* End PBXSourcesBuildPhase section */

/* Begin PBXVariantGroup section */
		13B07FB11A68108700A75B9A /* LaunchScreen.xib */ = {
			isa = PBXVariantGroup;
			children = (
				13B07FB21A68108700A75B9A /* Base */,
			);
			name = LaunchScreen.xib;
			path = TC168;
			sourceTree = "<group>";
		};
/* End PBXVariantGroup section */

/* Begin XCBuildConfiguration section */
		13B07F941A680F5B00A75B9A /* Debug */ = {
			isa = XCBuildConfiguration;
			baseConfigurationReference = E7E396B688F42F6F67B4EE55 /* Pods-TC168.debug.xcconfig */;
			buildSettings = {
				ASSETCATALOG_COMPILER_APPICON_NAME = AppIcon;
				ASSETCATALOG_COMPILER_LAUNCHIMAGE_NAME = LaunchImage;
				CODE_SIGN_ENTITLEMENTS = TC168/TC168.entitlements;
				CODE_SIGN_IDENTITY = "";
				"CODE_SIGN_IDENTITY[sdk=iphoneos*]" = "iPhone Developer";
				CURRENT_PROJECT_VERSION = 1;
				DEAD_CODE_STRIPPING = NO;
				DEVELOPMENT_TEAM = 8938LB37FV;
				HEADER_SEARCH_PATHS = (
					"$(inherited)",
					/Applications/Xcode.app/Contents/Developer/Toolchains/XcodeDefault.xctoolchain/usr/include,
					"$(SRCROOT)/../node_modules/react-native/React/**",
					"$(SRCROOT)/../../../react-native/React",
					"$(SRCROOT)/../node_modules/react-native-shake-event",
					"$(SRCROOT)..\node_modules\neact-native-view-shotios",
					"$(SRCROOT)/../node_modules/react-native-code-push/ios/CodePush/**",
					"$(SRCROOT)/../node_modules/react-native-sound/RNSound",
				);
				INFOPLIST_FILE = TC168/Info.plist;
				IPHONEOS_DEPLOYMENT_TARGET = 8.0;
				LD_RUNPATH_SEARCH_PATHS = "$(inherited) @executable_path/Frameworks";
				LIBRARY_SEARCH_PATHS = (
					"$(inherited)",
					"$(PROJECT_DIR)/src/Vendors/JPush/Lib",
					"\"$(SRCROOT)/TC168\"",
				);
				OTHER_LDFLAGS = (
					"$(inherited)",
					"-ObjC",
					"-lc++",
				);
				PRODUCT_BUNDLE_IDENTIFIER = test106cp.jx.com;
				PRODUCT_NAME = TC168;
				PROVISIONING_PROFILE = "";
				PROVISIONING_PROFILE_SPECIFIER = "";
				VERSIONING_SYSTEM = "apple-generic";
			};
			name = Debug;
		};
		13B07F951A680F5B00A75B9A /* Release */ = {
			isa = XCBuildConfiguration;
			baseConfigurationReference = 3E080F683299C2494D4AA257 /* Pods-TC168.release.xcconfig */;
			buildSettings = {
				ASSETCATALOG_COMPILER_APPICON_NAME = AppIcon;
				ASSETCATALOG_COMPILER_LAUNCHIMAGE_NAME = LaunchImage;
				CODE_SIGN_ENTITLEMENTS = TC168/TC168.entitlements;
				CODE_SIGN_IDENTITY = "";
				"CODE_SIGN_IDENTITY[sdk=iphoneos*]" = "iPhone Developer";
				CURRENT_PROJECT_VERSION = 1;
				DEVELOPMENT_TEAM = 8938LB37FV;
				HEADER_SEARCH_PATHS = (
					"$(inherited)",
					/Applications/Xcode.app/Contents/Developer/Toolchains/XcodeDefault.xctoolchain/usr/include,
					"$(SRCROOT)/../node_modules/react-native/React/**",
					"$(SRCROOT)/../../../react-native/React",
					"$(SRCROOT)/../node_modules/react-native-shake-event",
					"$(SRCROOT)..\node_modules\neact-native-view-shotios",
					"$(SRCROOT)/../node_modules/react-native-code-push/ios/CodePush/**",
					"$(SRCROOT)/../node_modules/react-native-sound/RNSound",
				);
				INFOPLIST_FILE = TC168/Info.plist;
				IPHONEOS_DEPLOYMENT_TARGET = 8.0;
				LD_RUNPATH_SEARCH_PATHS = "$(inherited) @executable_path/Frameworks";
				LIBRARY_SEARCH_PATHS = (
					"$(inherited)",
					"$(PROJECT_DIR)/src/Vendors/JPush/Lib",
					"\"$(SRCROOT)/TC168\"",
				);
				OTHER_LDFLAGS = (
					"$(inherited)",
					"-ObjC",
					"-lc++",
				);
				PRODUCT_BUNDLE_IDENTIFIER = test106cp.jx.com;
				PRODUCT_NAME = TC168;
				PROVISIONING_PROFILE = "";
				PROVISIONING_PROFILE_SPECIFIER = "";
				VERSIONING_SYSTEM = "apple-generic";
			};
			name = Release;
		};
		83CBBA201A601CBA00E9B192 /* Debug */ = {
			isa = XCBuildConfiguration;
			buildSettings = {
				ALWAYS_SEARCH_USER_PATHS = NO;
				CLANG_CXX_LANGUAGE_STANDARD = "gnu++0x";
				CLANG_CXX_LIBRARY = "libc++";
				CLANG_ENABLE_MODULES = YES;
				CLANG_ENABLE_OBJC_ARC = YES;
				CLANG_WARN_BOOL_CONVERSION = YES;
				CLANG_WARN_CONSTANT_CONVERSION = YES;
				CLANG_WARN_DIRECT_OBJC_ISA_USAGE = YES_ERROR;
				CLANG_WARN_EMPTY_BODY = YES;
				CLANG_WARN_ENUM_CONVERSION = YES;
				CLANG_WARN_INFINITE_RECURSION = YES;
				CLANG_WARN_INT_CONVERSION = YES;
				CLANG_WARN_OBJC_ROOT_CLASS = YES_ERROR;
				CLANG_WARN_SUSPICIOUS_MOVE = YES;
				CLANG_WARN_UNREACHABLE_CODE = YES;
				CLANG_WARN__DUPLICATE_METHOD_MATCH = YES;
				"CODE_SIGN_IDENTITY[sdk=iphoneos*]" = "iPhone Developer";
				COPY_PHASE_STRIP = NO;
				DEVELOPMENT_TEAM = 8938LB37FV;
				ENABLE_STRICT_OBJC_MSGSEND = YES;
				ENABLE_TESTABILITY = YES;
				GCC_C_LANGUAGE_STANDARD = gnu99;
				GCC_DYNAMIC_NO_PIC = NO;
				GCC_NO_COMMON_BLOCKS = YES;
				GCC_OPTIMIZATION_LEVEL = 0;
				GCC_PREPROCESSOR_DEFINITIONS = (
					"DEBUG=1",
					"$(inherited)",
				);
				GCC_SYMBOLS_PRIVATE_EXTERN = NO;
				GCC_WARN_64_TO_32_BIT_CONVERSION = YES;
				GCC_WARN_ABOUT_RETURN_TYPE = YES_ERROR;
				GCC_WARN_UNDECLARED_SELECTOR = YES;
				GCC_WARN_UNINITIALIZED_AUTOS = YES_AGGRESSIVE;
				GCC_WARN_UNUSED_FUNCTION = YES;
				GCC_WARN_UNUSED_VARIABLE = YES;
				HEADER_SEARCH_PATHS = (
					"$(inherited)",
					/Applications/Xcode.app/Contents/Developer/Toolchains/XcodeDefault.xctoolchain/usr/include,
					"$(SRCROOT)/../node_modules/react-native/React/**",
					"$(SRCROOT)/../node_modules/react-native-shake-event",
					"$(SRCROOT)..\node_modules\neact-native-view-shotios",
					"$(SRCROOT)/../node_modules/react-native-code-push/ios/CodePush/**",
					"$(SRCROOT)/../node_modules/react-native-sound/RNSound",
				);
				IPHONEOS_DEPLOYMENT_TARGET = 8.0;
				MTL_ENABLE_DEBUG_INFO = YES;
				ONLY_ACTIVE_ARCH = YES;
				SDKROOT = iphoneos;
			};
			name = Debug;
		};
		83CBBA211A601CBA00E9B192 /* Release */ = {
			isa = XCBuildConfiguration;
			buildSettings = {
				ALWAYS_SEARCH_USER_PATHS = NO;
				CLANG_CXX_LANGUAGE_STANDARD = "gnu++0x";
				CLANG_CXX_LIBRARY = "libc++";
				CLANG_ENABLE_MODULES = YES;
				CLANG_ENABLE_OBJC_ARC = YES;
				CLANG_WARN_BOOL_CONVERSION = YES;
				CLANG_WARN_CONSTANT_CONVERSION = YES;
				CLANG_WARN_DIRECT_OBJC_ISA_USAGE = YES_ERROR;
				CLANG_WARN_EMPTY_BODY = YES;
				CLANG_WARN_ENUM_CONVERSION = YES;
				CLANG_WARN_INFINITE_RECURSION = YES;
				CLANG_WARN_INT_CONVERSION = YES;
				CLANG_WARN_OBJC_ROOT_CLASS = YES_ERROR;
				CLANG_WARN_SUSPICIOUS_MOVE = YES;
				CLANG_WARN_UNREACHABLE_CODE = YES;
				CLANG_WARN__DUPLICATE_METHOD_MATCH = YES;
				"CODE_SIGN_IDENTITY[sdk=iphoneos*]" = "iPhone Developer";
				COPY_PHASE_STRIP = YES;
				DEVELOPMENT_TEAM = 8938LB37FV;
				ENABLE_NS_ASSERTIONS = NO;
				ENABLE_STRICT_OBJC_MSGSEND = YES;
				GCC_C_LANGUAGE_STANDARD = gnu99;
				GCC_NO_COMMON_BLOCKS = YES;
				GCC_WARN_64_TO_32_BIT_CONVERSION = YES;
				GCC_WARN_ABOUT_RETURN_TYPE = YES_ERROR;
				GCC_WARN_UNDECLARED_SELECTOR = YES;
				GCC_WARN_UNINITIALIZED_AUTOS = YES_AGGRESSIVE;
				GCC_WARN_UNUSED_FUNCTION = YES;
				GCC_WARN_UNUSED_VARIABLE = YES;
				HEADER_SEARCH_PATHS = (
					"$(inherited)",
					/Applications/Xcode.app/Contents/Developer/Toolchains/XcodeDefault.xctoolchain/usr/include,
					"$(SRCROOT)/../node_modules/react-native/React/**",
					"$(SRCROOT)/../node_modules/react-native-shake-event",
					"$(SRCROOT)..\node_modules\neact-native-view-shotios",
					"$(SRCROOT)/../node_modules/react-native-code-push/ios/CodePush/**",
					"$(SRCROOT)/../node_modules/react-native-sound/RNSound",
				);
				IPHONEOS_DEPLOYMENT_TARGET = 8.0;
				MTL_ENABLE_DEBUG_INFO = NO;
				SDKROOT = iphoneos;
				VALIDATE_PRODUCT = YES;
			};
			name = Release;
		};
/* End XCBuildConfiguration section */

/* Begin XCConfigurationList section */
		13B07F931A680F5B00A75B9A /* Build configuration list for PBXNativeTarget "TC168" */ = {
			isa = XCConfigurationList;
			buildConfigurations = (
				13B07F941A680F5B00A75B9A /* Debug */,
				13B07F951A680F5B00A75B9A /* Release */,
			);
			defaultConfigurationIsVisible = 0;
			defaultConfigurationName = Release;
		};
		83CBB9FA1A601CBA00E9B192 /* Build configuration list for PBXProject "TC168" */ = {
			isa = XCConfigurationList;
			buildConfigurations = (
				83CBBA201A601CBA00E9B192 /* Debug */,
				83CBBA211A601CBA00E9B192 /* Release */,
			);
			defaultConfigurationIsVisible = 0;
			defaultConfigurationName = Release;
		};
/* End XCConfigurationList section */
	};
	rootObject = 83CBB9F71A601CBA00E9B192 /* Project object */;
}
